{
  "version": 4,
  "terraform_version": "0.12.2",
  "serial": 4,
  "lineage": "ec1adb12-8c81-ebc8-6bc7-78d4fdc201bd",
  "outputs": {},
  "resources": [
    {
      "mode": "managed",
      "type": "google_container_cluster",
      "name": "primary",
      "provider": "provider.google",
      "instances": [
        {
          "schema_version": 1,
          "attributes": {
            "additional_zones": [],
            "addons_config": [
              {
                "horizontal_pod_autoscaling": [],
                "http_load_balancing": [],
                "kubernetes_dashboard": [
                  {
                    "disabled": true
                  }
                ],
                "network_policy_config": [
                  {
                    "disabled": true
                  }
                ]
              }
            ],
            "cluster_autoscaling": [],
            "cluster_ipv4_cidr": "10.0.0.0/14",
            "description": "",
            "enable_binary_authorization": null,
            "enable_kubernetes_alpha": false,
            "enable_legacy_abac": false,
            "enable_tpu": null,
            "endpoint": "35.230.145.167",
            "id": "demo",
            "initial_node_count": 1,
            "instance_group_urls": [],
            "ip_allocation_policy": [],
            "location": "europe-west2-a",
            "logging_service": "logging.googleapis.com",
            "maintenance_policy": [],
            "master_auth": [
              {
                "client_certificate": "",
                "client_certificate_config": [
                  {
                    "issue_client_certificate": false
                  }
                ],
                "client_key": "",
                "cluster_ca_certificate": "LS0tLS1CRUdJTiBDRVJUSUZJQ0FURS0tLS0tCk1JSURDekNDQWZPZ0F3SUJBZ0lRSmoxM0hockFpMXNlMzU5ajJMUENsakFOQmdrcWhraUc5dzBCQVFzRkFEQXYKTVMwd0t3WURWUVFERXlRMk5UTTFaak13TlMxak4yTTBMVFE1TXpNdE9HTTJZaTB3TVdNeE1URm1ZamRrTUdVdwpIaGNOTVRrd056QTRNRFkxT1RFd1doY05NalF3TnpBMk1EYzFPVEV3V2pBdk1TMHdLd1lEVlFRREV5UTJOVE0xClpqTXdOUzFqTjJNMExUUTVNek10T0dNMllpMHdNV014TVRGbVlqZGtNR1V3Z2dFaU1BMEdDU3FHU0liM0RRRUIKQVFVQUE0SUJEd0F3Z2dFS0FvSUJBUURscmRLdWFlZ01yem41TU5HQlN5MlB0MldGVUhYWWlraGhsNGNWMzZydwpnaFR5RWRpOUZ0bUViamNwTlFPeWhta09ySDVqU25Oc0JMSW1xTnRYdmwvR1pqRWhyd0FPbUFRWDZvWU40RFhRCjVDd0N2Z1ZXYmhtYjFYMXNHcGQvRjhNR0lUZWkxWlQ4TUdIaGNXWUNrUFNNZjFGbEFWWXlCV3FTWklrd1o5cWoKTmV1Yk1RZk1rY2g2aDZ5NnFUYXFoc3dLVTJsWjk3RUpJSzlMSHVENHpZenVVS3VaYVRHRXNMQlY5SWwwQ2VqSQpQVm5mUy9MZjhXamR1czkyRDZLM2g0c1dpeUMrUmpGOUxoRm9VWmM3REtqMmJTd3hnMlJJK0N6aVhFazYwT2FUClpPazhJZXZuaXdUNkthWmpTZzJKVnJla1lvd2krSjE0RmtxdTNYT2d0MnRSQWdNQkFBR2pJekFoTUE0R0ExVWQKRHdFQi93UUVBd0lDQkRBUEJnTlZIUk1CQWY4RUJUQURBUUgvTUEwR0NTcUdTSWIzRFFFQkN3VUFBNElCQVFBKwp3b3Y4bFlvZTJ1akNZTkNJbGhNTzc4aUlZUlpMaTV1ZXZRZmdpSFN2cjEycFlRcFhJRmJidUZFZ0RDWFVQVjFsClBwT2VCam82ZlNrQlZZQ0VMNlQ2dXJQS2NUaUo3M3VVK254QjlrV2NRK0krYWZ2NkpvS21YRW1CQk5pYmsraGEKYlFjR1hPRHNteFZNYkVBR3AwUW5vRTRvZXh0cktZazlTVkZuZVZmSkhXNDJHd1doSWRTMGdWNmw4Rmg1NmlxQgpBSjlxazRUTThOMEx0dXZrdUROekdNYUNBc0hwMDBJczlERzhUL09qM2xJZlNvSm5ScnlwWVJJcDZKWlpDeCtKClU5eWJ4NXIwY0pzVndsNkd5RjNMWVpHdjhBdkFMZHlsckgzQml4Mzlvdk44Qi9UTFE3aEd6RnlkUlVrWE53dGcKd3dPaCs4U1FuRVZiTWk5aHlNbzEKLS0tLS1FTkQgQ0VSVElGSUNBVEUtLS0tLQo=",
                "password": "",
                "username": ""
              }
            ],
            "master_authorized_networks_config": [],
            "master_version": "1.12.8-gke.10",
            "min_master_version": null,
            "monitoring_service": "monitoring.googleapis.com",
            "name": "demo",
            "network": "projects/smartcity-gl/global/networks/default",
            "network_policy": [
              {
                "enabled": false,
                "provider": "PROVIDER_UNSPECIFIED"
              }
            ],
            "node_config": [],
            "node_locations": [],
            "node_pool": [],
            "node_version": "1.12.8-gke.10",
            "pod_security_policy_config": [],
            "private_cluster_config": [],
            "project": "smartcity-gl",
            "region": null,
            "remove_default_node_pool": true,
            "resource_labels": null,
            "services_ipv4_cidr": "10.3.240.0/20",
            "subnetwork": "projects/smartcity-gl/regions/europe-west2/subnetworks/default",
            "timeouts": null,
            "zone": "europe-west2-a"
          },
          "private": "eyJlMmJmYjczMC1lY2FhLTExZTYtOGY4OC0zNDM2M2JjN2M0YzAiOnsiY3JlYXRlIjoxODAwMDAwMDAwMDAwLCJkZWxldGUiOjE4MDAwMDAwMDAwMDAsInVwZGF0ZSI6MTgwMDAwMDAwMDAwMH0sInNjaGVtYV92ZXJzaW9uIjoiMSJ9"
        }
      ]
    },
    {
      "mode": "managed",
      "type": "google_container_node_pool",
      "name": "primary-pool",
      "provider": "provider.google",
      "instances": [
        {
          "schema_version": 1,
          "attributes": {
            "autoscaling": [
              {
                "max_node_count": 5,
                "min_node_count": 2
              }
            ],
            "cluster": "demo",
            "id": "europe-west2-a/demo/primary-pool",
            "initial_node_count": 2,
            "instance_group_urls": [
              "https://www.googleapis.com/compute/v1/projects/smartcity-gl/zones/europe-west2-a/instanceGroupManagers/gke-demo-primary-pool-93e3560d-grp"
            ],
            "location": "europe-west2-a",
            "management": [
              {
                "auto_repair": true,
                "auto_upgrade": true
              }
            ],
            "max_pods_per_node": null,
            "name": "primary-pool",
            "name_prefix": "",
            "node_config": [
              {
                "disk_size_gb": 100,
                "disk_type": "pd-standard",
                "guest_accelerator": [],
                "image_type": "COS",
                "labels": null,
                "local_ssd_count": 0,
                "machine_type": "n1-standard-2",
                "metadata": {
                  "disable-legacy-endpoints": "true"
                },
                "min_cpu_platform": "",
                "oauth_scopes": [
                  "https://www.googleapis.com/auth/logging.write",
                  "https://www.googleapis.com/auth/monitoring"
                ],
                "preemptible": true,
                "service_account": "default",
                "tags": null,
                "taint": [],
                "workload_metadata_config": []
              }
            ],
            "node_count": 2,
            "project": "smartcity-gl",
            "region": null,
            "timeouts": null,
            "version": "1.12.8-gke.10",
            "zone": "europe-west2-a"
          },
          "private": "eyJlMmJmYjczMC1lY2FhLTExZTYtOGY4OC0zNDM2M2JjN2M0YzAiOnsiY3JlYXRlIjoxODAwMDAwMDAwMDAwLCJkZWxldGUiOjYwMDAwMDAwMDAwMCwidXBkYXRlIjo2MDAwMDAwMDAwMDB9LCJzY2hlbWFfdmVyc2lvbiI6IjEifQ==",
          "depends_on": [
            "google_container_cluster.primary"
          ]
        }
      ]
    }
  ]
}
